// !$*UTF8*$!
{
	archiveVersion = 1;
	classes = {
	};
	objectVersion = 50;
	objects = {

/* Begin PBXBuildFile section */
		1CFF75CE21418DA20026B153 /* AppDelegate.swift in Sources */ = {isa = PBXBuildFile; fileRef = 1CFF75CD21418DA20026B153 /* AppDelegate.swift */; };
		1CFF75D321418DA20026B153 /* Main.storyboard in Resources */ = {isa = PBXBuildFile; fileRef = 1CFF75D121418DA20026B153 /* Main.storyboard */; };
		1CFF75D521418DA30026B153 /* Assets.xcassets in Resources */ = {isa = PBXBuildFile; fileRef = 1CFF75D421418DA30026B153 /* Assets.xcassets */; };
		1CFF75D821418DA30026B153 /* LaunchScreen.storyboard in Resources */ = {isa = PBXBuildFile; fileRef = 1CFF75D621418DA30026B153 /* LaunchScreen.storyboard */; };
		1CFF75E02141900D0026B153 /* MapView.storyboard in Resources */ = {isa = PBXBuildFile; fileRef = 1CFF75DF2141900D0026B153 /* MapView.storyboard */; };
		1CFF75E4214191090026B153 /* PlacesTable.storyboard in Resources */ = {isa = PBXBuildFile; fileRef = 1CFF75E3214191090026B153 /* PlacesTable.storyboard */; };
		1CFF75E62141954C0026B153 /* Place.swift in Sources */ = {isa = PBXBuildFile; fileRef = 1CFF75E52141954C0026B153 /* Place.swift */; };
		1CFF75EB214197530026B153 /* PlacesTabBarController.swift in Sources */ = {isa = PBXBuildFile; fileRef = 1CFF75EA214197530026B153 /* PlacesTabBarController.swift */; };
		1CFF75ED214197870026B153 /* MapViewController.swift in Sources */ = {isa = PBXBuildFile; fileRef = 1CFF75EC214197870026B153 /* MapViewController.swift */; };
		1CFF75EF214197AA0026B153 /* PlacesTableViewController.swift in Sources */ = {isa = PBXBuildFile; fileRef = 1CFF75EE214197AA0026B153 /* PlacesTableViewController.swift */; };
		1CFF75F1214197DE0026B153 /* CreateNewPlacesViewController.swift in Sources */ = {isa = PBXBuildFile; fileRef = 1CFF75F0214197DE0026B153 /* CreateNewPlacesViewController.swift */; };
		1CFF75F3214197F40026B153 /* VisitedPlacesViewController.swift in Sources */ = {isa = PBXBuildFile; fileRef = 1CFF75F2214197F40026B153 /* VisitedPlacesViewController.swift */; };
		1CFF75F5214199590026B153 /* PlaceController.swift in Sources */ = {isa = PBXBuildFile; fileRef = 1CFF75F4214199590026B153 /* PlaceController.swift */; };
		1CFF75F921419CEC0026B153 /* PlacesPresenter.swift in Sources */ = {isa = PBXBuildFile; fileRef = 1CFF75F821419CEC0026B153 /* PlacesPresenter.swift */; };
/* End PBXBuildFile section */

/* Begin PBXFileReference section */
		1CFF75CA21418DA20026B153 /* Places2.app */ = {isa = PBXFileReference; explicitFileType = wrapper.application; includeInIndex = 0; path = Places2.app; sourceTree = BUILT_PRODUCTS_DIR; };
		1CFF75CD21418DA20026B153 /* AppDelegate.swift */ = {isa = PBXFileReference; lastKnownFileType = sourcecode.swift; path = AppDelegate.swift; sourceTree = "<group>"; };
		1CFF75D221418DA20026B153 /* Base */ = {isa = PBXFileReference; lastKnownFileType = file.storyboard; name = Base; path = Base.lproj/Main.storyboard; sourceTree = "<group>"; };
		1CFF75D421418DA30026B153 /* Assets.xcassets */ = {isa = PBXFileReference; lastKnownFileType = folder.assetcatalog; path = Assets.xcassets; sourceTree = "<group>"; };
		1CFF75D721418DA30026B153 /* Base */ = {isa = PBXFileReference; lastKnownFileType = file.storyboard; name = Base; path = Base.lproj/LaunchScreen.storyboard; sourceTree = "<group>"; };
		1CFF75D921418DA30026B153 /* Info.plist */ = {isa = PBXFileReference; lastKnownFileType = text.plist.xml; path = Info.plist; sourceTree = "<group>"; };
		1CFF75DF2141900D0026B153 /* MapView.storyboard */ = {isa = PBXFileReference; lastKnownFileType = file.storyboard; path = MapView.storyboard; sourceTree = "<group>"; };
		1CFF75E3214191090026B153 /* PlacesTable.storyboard */ = {isa = PBXFileReference; lastKnownFileType = file.storyboard; path = PlacesTable.storyboard; sourceTree = "<group>"; };
		1CFF75E52141954C0026B153 /* Place.swift */ = {isa = PBXFileReference; lastKnownFileType = sourcecode.swift; path = Place.swift; sourceTree = "<group>"; };
		1CFF75EA214197530026B153 /* PlacesTabBarController.swift */ = {isa = PBXFileReference; lastKnownFileType = sourcecode.swift; path = PlacesTabBarController.swift; sourceTree = "<group>"; };
		1CFF75EC214197870026B153 /* MapViewController.swift */ = {isa = PBXFileReference; lastKnownFileType = sourcecode.swift; path = MapViewController.swift; sourceTree = "<group>"; };
		1CFF75EE214197AA0026B153 /* PlacesTableViewController.swift */ = {isa = PBXFileReference; lastKnownFileType = sourcecode.swift; path = PlacesTableViewController.swift; sourceTree = "<group>"; };
		1CFF75F0214197DE0026B153 /* CreateNewPlacesViewController.swift */ = {isa = PBXFileReference; lastKnownFileType = sourcecode.swift; path = CreateNewPlacesViewController.swift; sourceTree = "<group>"; };
		1CFF75F2214197F40026B153 /* VisitedPlacesViewController.swift */ = {isa = PBXFileReference; lastKnownFileType = sourcecode.swift; path = VisitedPlacesViewController.swift; sourceTree = "<group>"; };
		1CFF75F4214199590026B153 /* PlaceController.swift */ = {isa = PBXFileReference; lastKnownFileType = sourcecode.swift; path = PlaceController.swift; sourceTree = "<group>"; };
		1CFF75F821419CEC0026B153 /* PlacesPresenter.swift */ = {isa = PBXFileReference; lastKnownFileType = sourcecode.swift; path = PlacesPresenter.swift; sourceTree = "<group>"; };
/* End PBXFileReference section */

/* Begin PBXFrameworksBuildPhase section */
		1CFF75C721418DA20026B153 /* Frameworks */ = {
			isa = PBXFrameworksBuildPhase;
			buildActionMask = 2147483647;
			files = (
			);
			runOnlyForDeploymentPostprocessing = 0;
		};
/* End PBXFrameworksBuildPhase section */

/* Begin PBXGroup section */
		1CFF75C121418DA10026B153 = {
			isa = PBXGroup;
			children = (
				1CFF75CC21418DA20026B153 /* Places2 */,
				1CFF75CB21418DA20026B153 /* Products */,
			);
			sourceTree = "<group>";
		};
		1CFF75CB21418DA20026B153 /* Products */ = {
			isa = PBXGroup;
			children = (
				1CFF75CA21418DA20026B153 /* Places2.app */,
			);
			name = Products;
			sourceTree = "<group>";
		};
		1CFF75CC21418DA20026B153 /* Places2 */ = {
			isa = PBXGroup;
			children = (
				1CFF75FA21419D300026B153 /* Protocol */,
				1CFF75CD21418DA20026B153 /* AppDelegate.swift */,
				1CFF75E12141901A0026B153 /* StoryBoards */,
				1CFF75E22141903F0026B153 /* Resources */,
				1CFF75F721419AAF0026B153 /* ViewControllers */,
				1CFF75E7214195680026B153 /* Model */,
			);
			path = Places2;
			sourceTree = "<group>";
		};
		1CFF75E12141901A0026B153 /* StoryBoards */ = {
			isa = PBXGroup;
			children = (
				1CFF75D121418DA20026B153 /* Main.storyboard */,
				1CFF75DF2141900D0026B153 /* MapView.storyboard */,
				1CFF75D621418DA30026B153 /* LaunchScreen.storyboard */,
				1CFF75E3214191090026B153 /* PlacesTable.storyboard */,
			);
			path = StoryBoards;
			sourceTree = "<group>";
		};
		1CFF75E22141903F0026B153 /* Resources */ = {
			isa = PBXGroup;
			children = (
				1CFF75D421418DA30026B153 /* Assets.xcassets */,
				1CFF75D921418DA30026B153 /* Info.plist */,
			);
			path = Resources;
			sourceTree = "<group>";
		};
		1CFF75E7214195680026B153 /* Model */ = {
			isa = PBXGroup;
			children = (
				1CFF75E52141954C0026B153 /* Place.swift */,
				1CFF75F4214199590026B153 /* PlaceController.swift */,
			);
			path = Model;
			sourceTree = "<group>";
		};
		1CFF75F721419AAF0026B153 /* ViewControllers */ = {
			isa = PBXGroup;
			children = (
				1CFF75EA214197530026B153 /* PlacesTabBarController.swift */,
				1CFF75EC214197870026B153 /* MapViewController.swift */,
				1CFF75EE214197AA0026B153 /* PlacesTableViewController.swift */,
				1CFF75F2214197F40026B153 /* VisitedPlacesViewController.swift */,
				1CFF75F0214197DE0026B153 /* CreateNewPlacesViewController.swift */,
			);
			path = ViewControllers;
			sourceTree = "<group>";
		};
		1CFF75FA21419D300026B153 /* Protocol */ = {
			isa = PBXGroup;
			children = (
				1CFF75F821419CEC0026B153 /* PlacesPresenter.swift */,
			);
			path = Protocol;
			sourceTree = "<group>";
		};
/* End PBXGroup section */

/* Begin PBXNativeTarget section */
		1CFF75C921418DA20026B153 /* Places2 */ = {
			isa = PBXNativeTarget;
			buildConfigurationList = 1CFF75DC21418DA30026B153 /* Build configuration list for PBXNativeTarget "Places2" */;
			buildPhases = (
				1CFF75C621418DA20026B153 /* Sources */,
				1CFF75C721418DA20026B153 /* Frameworks */,
				1CFF75C821418DA20026B153 /* Resources */,
			);
			buildRules = (
			);
			dependencies = (
			);
			name = Places2;
			productName = Places2;
			productReference = 1CFF75CA21418DA20026B153 /* Places2.app */;
			productType = "com.apple.product-type.application";
		};
/* End PBXNativeTarget section */

/* Begin PBXProject section */
		1CFF75C221418DA10026B153 /* Project object */ = {
			isa = PBXProject;
			attributes = {
				LastSwiftUpdateCheck = 0940;
				LastUpgradeCheck = 0940;
				ORGANIZATIONNAME = RNWolter;
				TargetAttributes = {
					1CFF75C921418DA20026B153 = {
						CreatedOnToolsVersion = 9.4.1;
					};
				};
			};
			buildConfigurationList = 1CFF75C521418DA10026B153 /* Build configuration list for PBXProject "Places2" */;
			compatibilityVersion = "Xcode 9.3";
			developmentRegion = en;
			hasScannedForEncodings = 0;
			knownRegions = (
				en,
				Base,
			);
			mainGroup = 1CFF75C121418DA10026B153;
			productRefGroup = 1CFF75CB21418DA20026B153 /* Products */;
			projectDirPath = "";
			projectRoot = "";
			targets = (
				1CFF75C921418DA20026B153 /* Places2 */,
			);
		};
/* End PBXProject section */

/* Begin PBXResourcesBuildPhase section */
		1CFF75C821418DA20026B153 /* Resources */ = {
			isa = PBXResourcesBuildPhase;
			buildActionMask = 2147483647;
			files = (
				1CFF75D821418DA30026B153 /* LaunchScreen.storyboard in Resources */,
				1CFF75E4214191090026B153 /* PlacesTable.storyboard in Resources */,
				1CFF75D521418DA30026B153 /* Assets.xcassets in Resources */,
				1CFF75E02141900D0026B153 /* MapView.storyboard in Resources */,
				1CFF75D321418DA20026B153 /* Main.storyboard in Resources */,
			);
			runOnlyForDeploymentPostprocessing = 0;
		};
/* End PBXResourcesBuildPhase section */

/* Begin PBXSourcesBuildPhase section */
		1CFF75C621418DA20026B153 /* Sources */ = {
			isa = PBXSourcesBuildPhase;
			buildActionMask = 2147483647;
			files = (
				1CFF75EB214197530026B153 /* PlacesTabBarController.swift in Sources */,
				1CFF75F921419CEC0026B153 /* PlacesPresenter.swift in Sources */,
				1CFF75F5214199590026B153 /* PlaceController.swift in Sources */,
				1CFF75CE21418DA20026B153 /* AppDelegate.swift in Sources */,
				1CFF75E62141954C0026B153 /* Place.swift in Sources */,
				1CFF75F1214197DE0026B153 /* CreateNewPlacesViewController.swift in Sources */,
				1CFF75ED214197870026B153 /* MapViewController.swift in Sources */,
				1CFF75F3214197F40026B153 /* VisitedPlacesViewController.swift in Sources */,
				1CFF75EF214197AA0026B153 /* PlacesTableViewController.swift in Sources */,
			);
			runOnlyForDeploymentPostprocessing = 0;
		};
/* End PBXSourcesBuildPhase section */

/* Begin PBXVariantGroup section */
		1CFF75D121418DA20026B153 /* Main.storyboard */ = {
			isa = PBXVariantGroup;
			children = (
				1CFF75D221418DA20026B153 /* Base */,
			);
			name = Main.storyboard;
			sourceTree = "<group>";
		};
		1CFF75D621418DA30026B153 /* LaunchScreen.storyboard */ = {
			isa = PBXVariantGroup;
			children = (
				1CFF75D721418DA30026B153 /* Base */,
			);
			name = LaunchScreen.storyboard;
			sourceTree = "<group>";
		};
/* End PBXVariantGroup section */

/* Begin XCBuildConfiguration section */
		1CFF75DA21418DA30026B153 /* Debug */ = {
			isa = XCBuildConfiguration;
			buildSettings = {
				ALWAYS_SEARCH_USER_PATHS = NO;
				CLANG_ANALYZER_NONNULL = YES;
				CLANG_ANALYZER_NUMBER_OBJECT_CONVERSION = YES_AGGRESSIVE;
				CLANG_CXX_LANGUAGE_STANDARD = "gnu++14";
				CLANG_CXX_LIBRARY = "libc++";
				CLANG_ENABLE_MODULES = YES;
				CLANG_ENABLE_OBJC_ARC = YES;
				CLANG_ENABLE_OBJC_WEAK = YES;
				CLANG_WARN_BLOCK_CAPTURE_AUTORELEASING = YES;
				CLANG_WARN_BOOL_CONVERSION = YES;
				CLANG_WARN_COMMA = YES;
				CLANG_WARN_CONSTANT_CONVERSION = YES;
				CLANG_WARN_DEPRECATED_OBJC_IMPLEMENTATIONS = YES;
				CLANG_WARN_DIRECT_OBJC_ISA_USAGE = YES_ERROR;
				CLANG_WARN_DOCUMENTATION_COMMENTS = YES;
				CLANG_WARN_EMPTY_BODY = YES;
				CLANG_WARN_ENUM_CONVERSION = YES;
				CLANG_WARN_INFINITE_RECURSION = YES;
				CLANG_WARN_INT_CONVERSION = YES;
				CLANG_WARN_NON_LITERAL_NULL_CONVERSION = YES;
				CLANG_WARN_OBJC_IMPLICIT_RETAIN_SELF = YES;
				CLANG_WARN_OBJC_LITERAL_CONVERSION = YES;
				CLANG_WARN_OBJC_ROOT_CLASS = YES_ERROR;
				CLANG_WARN_RANGE_LOOP_ANALYSIS = YES;
				CLANG_WARN_STRICT_PROTOTYPES = YES;
				CLANG_WARN_SUSPICIOUS_MOVE = YES;
				CLANG_WARN_UNGUARDED_AVAILABILITY = YES_AGGRESSIVE;
				CLANG_WARN_UNREACHABLE_CODE = YES;
				CLANG_WARN__DUPLICATE_METHOD_MATCH = YES;
				CODE_SIGN_IDENTITY = "iPhone Developer";
				COPY_PHASE_STRIP = NO;
				DEBUG_INFORMATION_FORMAT = dwarf;
				ENABLE_STRICT_OBJC_MSGSEND = YES;
				ENABLE_TESTABILITY = YES;
				GCC_C_LANGUAGE_STANDARD = gnu11;
				GCC_DYNAMIC_NO_PIC = NO;
				GCC_NO_COMMON_BLOCKS = YES;
				GCC_OPTIMIZATION_LEVEL = 0;
				GCC_PREPROCESSOR_DEFINITIONS = (
					"DEBUG=1",
					"$(inherited)",
				);
				GCC_WARN_64_TO_32_BIT_CONVERSION = YES;
				GCC_WARN_ABOUT_RETURN_TYPE = YES_ERROR;
				GCC_WARN_UNDECLARED_SELECTOR = YES;
				GCC_WARN_UNINITIALIZED_AUTOS = YES_AGGRESSIVE;
				GCC_WARN_UNUSED_FUNCTION = YES;
				GCC_WARN_UNUSED_VARIABLE = YES;
				IPHONEOS_DEPLOYMENT_TARGET = 11.4;
				MTL_ENABLE_DEBUG_INFO = YES;
				ONLY_ACTIVE_ARCH = YES;
				SDKROOT = iphoneos;
				SWIFT_ACTIVE_COMPILATION_CONDITIONS = DEBUG;
				SWIFT_OPTIMIZATION_LEVEL = "-Onone";
			};
			name = Debug;
		};
		1CFF75DB21418DA30026B153 /* Release */ = {
			isa = XCBuildConfiguration;
			buildSettings = {
				ALWAYS_SEARCH_USER_PATHS = NO;
				CLANG_ANALYZER_NONNULL = YES;
				CLANG_ANALYZER_NUMBER_OBJECT_CONVERSION = YES_AGGRESSIVE;
				CLANG_CXX_LANGUAGE_STANDARD = "gnu++14";
				CLANG_CXX_LIBRARY = "libc++";
				CLANG_ENABLE_MODULES = YES;
				CLANG_ENABLE_OBJC_ARC = YES;
				CLANG_ENABLE_OBJC_WEAK = YES;
				CLANG_WARN_BLOCK_CAPTURE_AUTORELEASING = YES;
				CLANG_WARN_BOOL_CONVERSION = YES;
				CLANG_WARN_COMMA = YES;
				CLANG_WARN_CONSTANT_CONVERSION = YES;
				CLANG_WARN_DEPRECATED_OBJC_IMPLEMENTATIONS = YES;
				CLANG_WARN_DIRECT_OBJC_ISA_USAGE = YES_ERROR;
				CLANG_WARN_DOCUMENTATION_COMMENTS = YES;
				CLANG_WARN_EMPTY_BODY = YES;
				CLANG_WARN_ENUM_CONVERSION = YES;
				CLANG_WARN_INFINITE_RECURSION = YES;
				CLANG_WARN_INT_CONVERSION = YES;
				CLANG_WARN_NON_LITERAL_NULL_CONVERSION = YES;
				CLANG_WARN_OBJC_IMPLICIT_RETAIN_SELF = YES;
				CLANG_WARN_OBJC_LITERAL_CONVERSION = YES;
				CLANG_WARN_OBJC_ROOT_CLASS = YES_ERROR;
				CLANG_WARN_RANGE_LOOP_ANALYSIS = YES;
				CLANG_WARN_STRICT_PROTOTYPES = YES;
				CLANG_WARN_SUSPICIOUS_MOVE = YES;
				CLANG_WARN_UNGUARDED_AVAILABILITY = YES_AGGRESSIVE;
				CLANG_WARN_UNREACHABLE_CODE = YES;
				CLANG_WARN__DUPLICATE_METHOD_MATCH = YES;
				CODE_SIGN_IDENTITY = "iPhone Developer";
				COPY_PHASE_STRIP = NO;
				DEBUG_INFORMATION_FORMAT = "dwarf-with-dsym";
				ENABLE_NS_ASSERTIONS = NO;
				ENABLE_STRICT_OBJC_MSGSEND = YES;
				GCC_C_LANGUAGE_STANDARD = gnu11;
				GCC_NO_COMMON_BLOCKS = YES;
				GCC_WARN_64_TO_32_BIT_CONVERSION = YES;
				GCC_WARN_ABOUT_RETURN_TYPE = YES_ERROR;
				GCC_WARN_UNDECLARED_SELECTOR = YES;
				GCC_WARN_UNINITIALIZED_AUTOS = YES_AGGRESSIVE;
				GCC_WARN_UNUSED_FUNCTION = YES;
				GCC_WARN_UNUSED_VARIABLE = YES;
				IPHONEOS_DEPLOYMENT_TARGET = 11.4;
				MTL_ENABLE_DEBUG_INFO = NO;
				SDKROOT = iphoneos;
				SWIFT_COMPILATION_MODE = wholemodule;
				SWIFT_OPTIMIZATION_LEVEL = "-O";
				VALIDATE_PRODUCT = YES;
			};
			name = Release;
		};
		1CFF75DD21418DA30026B153 /* Debug */ = {
			isa = XCBuildConfiguration;
			buildSettings = {
				ASSETCATALOG_COMPILER_APPICON_NAME = AppIcon;
				CODE_SIGN_STYLE = Automatic;
				INFOPLIST_FILE = "$(SRCROOT)/Places2/Resources/Info.plist";
				LD_RUNPATH_SEARCH_PATHS = (
					"$(inherited)",
					"@executable_path/Frameworks",
				);
				PRODUCT_BUNDLE_IDENTIFIER = com.RNWolter.Places2;
				PRODUCT_NAME = "$(TARGET_NAME)";
				SWIFT_VERSION = 4.0;
				TARGETED_DEVICE_FAMILY = "1,2";
			};
			name = Debug;
		};
		1CFF75DE21418DA30026B153 /* Release */ = {
			isa = XCBuildConfiguration;
			buildSettings = {
				ASSETCATALOG_COMPILER_APPICON_NAME = AppIcon;
				CODE_SIGN_STYLE = Automatic;
				INFOPLIST_FILE = "$(SRCROOT)/Places2/Resources/Info.plist";
				LD_RUNPATH_SEARCH_PATHS = (
					"$(inherited)",
					"@executable_path/Frameworks",
				);
				PRODUCT_BUNDLE_IDENTIFIER = com.RNWolter.Places2;
				PRODUCT_NAME = "$(TARGET_NAME)";
				SWIFT_VERSION = 4.0;
				TARGETED_DEVICE_FAMILY = "1,2";
			};
			name = Release;
		};
/* End XCBuildConfiguration section */

/* Begin XCConfigurationList section */
		1CFF75C521418DA10026B153 /* Build configuration list for PBXProject "Places2" */ = {
			isa = XCConfigurationList;
			buildConfigurations = (
				1CFF75DA21418DA30026B153 /* Debug */,
				1CFF75DB21418DA30026B153 /* Release */,
			);
			defaultConfigurationIsVisible = 0;
			defaultConfigurationName = Release;
		};
		1CFF75DC21418DA30026B153 /* Build configuration list for PBXNativeTarget "Places2" */ = {
			isa = XCConfigurationList;
			buildConfigurations = (
				1CFF75DD21418DA30026B153 /* Debug */,
				1CFF75DE21418DA30026B153 /* Release */,
			);
			defaultConfigurationIsVisible = 0;
			defaultConfigurationName = Release;
		};
/* End XCConfigurationList section */
	};
	rootObject = 1CFF75C221418DA10026B153 /* Project object */;
}
